{
    "requires": true,
    "lockfileVersion": 1,
    "dependencies": {
        "@types/json-schema": {
            "version": "7.0.6",
            "resolved": "https://registry.npm.taobao.org/@types/json-schema/download/@types/json-schema-7.0.6.tgz",
            "integrity": "sha1-9MfsQ+gbMZqYFRFQMXCfJph4kfA=",
            "dev": true
        },
        "adjust-sourcemap-loader": {
            "version": "2.0.0",
            "resolved": "https://registry.npm.taobao.org/adjust-sourcemap-loader/download/adjust-sourcemap-loader-2.0.0.tgz?cache=0&sync_timestamp=1603701108010&other_urls=https%3A%2F%2Fregistry.npm.taobao.org%2Fadjust-sourcemap-loader%2Fdownload%2Fadjust-sourcemap-loader-2.0.0.tgz",
            "integrity": "sha1-ZHEUOvdewCM0shn1S8eXDFL7KaQ=",
            "dev": true,
            "requires": {
                "assert": "1.4.1",
                "camelcase": "5.0.0",
                "loader-utils": "1.2.3",
                "object-path": "0.11.4",
                "regex-parser": "2.2.10"
            }
        },
        "ajv": {
            "version": "6.12.6",
            "resolved": "https://registry.npm.taobao.org/ajv/download/ajv-6.12.6.tgz?cache=0&sync_timestamp=1606676565744&other_urls=https%3A%2F%2Fregistry.npm.taobao.org%2Fajv%2Fdownload%2Fajv-6.12.6.tgz",
            "integrity": "sha1-uvWmLoArB9l3A0WG+MO69a3ybfQ=",
            "dev": true,
            "requires": {
                "fast-deep-equal": "^3.1.1",
                "fast-json-stable-stringify": "^2.0.0",
                "json-schema-traverse": "^0.4.1",
                "uri-js": "^4.2.2"
            }
        },
        "ajv-keywords": {
            "version": "3.5.2",
            "resolved": "https://registry.npm.taobao.org/ajv-keywords/download/ajv-keywords-3.5.2.tgz?cache=0&sync_timestamp=1606678329329&other_urls=https%3A%2F%2Fregistry.npm.taobao.org%2Fajv-keywords%2Fdownload%2Fajv-keywords-3.5.2.tgz",
            "integrity": "sha1-MfKdpatuANHC0yms97WSlhTVAU0=",
            "dev": true
        },
        "ansi-styles": {
            "version": "3.2.1",
            "resolved": "https://registry.npm.taobao.org/ansi-styles/download/ansi-styles-3.2.1.tgz?cache=0&sync_timestamp=1606792369066&other_urls=https%3A%2F%2Fregistry.npm.taobao.org%2Fansi-styles%2Fdownload%2Fansi-styles-3.2.1.tgz",
            "integrity": "sha1-QfuyAkPlCxK+DwS43tvwdSDOhB0=",
            "dev": true,
            "requires": {
                "color-convert": "^1.9.0"
            }
        },
        "anymatch": {
            "version": "3.1.1",
            "resolved": "https://registry.npm.taobao.org/anymatch/download/anymatch-3.1.1.tgz",
            "integrity": "sha1-xV7PAhheJGklk5kxDBc84xIzsUI=",
            "dev": true,
            "requires": {
                "normalize-path": "^3.0.0",
                "picomatch": "^2.0.4"
            }
        },
        "arity-n": {
            "version": "1.0.4",
            "resolved": "https://registry.npm.taobao.org/arity-n/download/arity-n-1.0.4.tgz",
            "integrity": "sha1-2edrEXM+CFacCEeuezmyhgswt0U=",
            "dev": true
        },
        "assert": {
            "version": "1.4.1",
            "resolved": "https://registry.npm.taobao.org/assert/download/assert-1.4.1.tgz",
            "integrity": "sha1-mZEtWRg2tab1s0XA8H7vwI/GXZE=",
            "dev": true,
            "requires": {
                "util": "0.10.3"
            }
        },
        "atob": {
            "version": "2.1.2",
            "resolved": "https://registry.npm.taobao.org/atob/download/atob-2.1.2.tgz",
            "integrity": "sha1-bZUX654DDSQ2ZmZR6GvZ9vE1M8k=",
            "dev": true
        },
        "big.js": {
            "version": "5.2.2",
            "resolved": "https://registry.npm.taobao.org/big.js/download/big.js-5.2.2.tgz",
            "integrity": "sha1-ZfCvOC9Xi83HQr2cKB6cstd2gyg=",
            "dev": true
        },
        "binary-extensions": {
            "version": "2.1.0",
            "resolved": "https://registry.npm.taobao.org/binary-extensions/download/binary-extensions-2.1.0.tgz?cache=0&other_urls=https%3A%2F%2Fregistry.npm.taobao.org%2Fbinary-extensions%2Fdownload%2Fbinary-extensions-2.1.0.tgz",
            "integrity": "sha1-MPpAyef+B9vIlWeM0ocCTeokHdk=",
            "dev": true
        },
        "bootstrap": {
            "version": "4.5.3",
            "resolved": "https://registry.npm.taobao.org/bootstrap/download/bootstrap-4.5.3.tgz",
            "integrity": "sha1-xqcrNVqvMjkgvoACRqbk7zCZf+Y=",
            "dev": true
        },
        "braces": {
            "version": "3.0.2",
            "resolved": "https://registry.npm.taobao.org/braces/download/braces-3.0.2.tgz",
            "integrity": "sha1-NFThpGLujVmeI23zNs2epPiv4Qc=",
            "dev": true,
            "requires": {
                "fill-range": "^7.0.1"
            }
        },
        "camelcase": {
            "version": "5.0.0",
            "resolved": "https://registry.npm.taobao.org/camelcase/download/camelcase-5.0.0.tgz?cache=0&sync_timestamp=1603923709404&other_urls=https%3A%2F%2Fregistry.npm.taobao.org%2Fcamelcase%2Fdownload%2Fcamelcase-5.0.0.tgz",
            "integrity": "sha1-AylVJ9WL081Kp1Nj81sujZe+L0I=",
            "dev": true
        },
        "chalk": {
            "version": "2.4.2",
            "resolved": "https://registry.npm.taobao.org/chalk/download/chalk-2.4.2.tgz",
            "integrity": "sha1-zUJUFnelQzPPVBpJEIwUMrRMlCQ=",
            "dev": true,
            "requires": {
                "ansi-styles": "^3.2.1",
                "escape-string-regexp": "^1.0.5",
                "supports-color": "^5.3.0"
            },
            "dependencies": {
                "supports-color": {
                    "version": "5.5.0",
                    "resolved": "https://registry.npm.taobao.org/supports-color/download/supports-color-5.5.0.tgz?cache=0&sync_timestamp=1606205045287&other_urls=https%3A%2F%2Fregistry.npm.taobao.org%2Fsupports-color%2Fdownload%2Fsupports-color-5.5.0.tgz",
                    "integrity": "sha1-4uaaRKyHcveKHsCzW2id9lMO/I8=",
                    "dev": true,
                    "requires": {
                        "has-flag": "^3.0.0"
                    }
                }
            }
        },
        "chokidar": {
            "version": "3.4.3",
            "resolved": "https://registry.npm.taobao.org/chokidar/download/chokidar-3.4.3.tgz?cache=0&sync_timestamp=1602585381749&other_urls=https%3A%2F%2Fregistry.npm.taobao.org%2Fchokidar%2Fdownload%2Fchokidar-3.4.3.tgz",
            "integrity": "sha1-wd84IxRI5FykrFiObHlXO6alfVs=",
            "dev": true,
            "requires": {
                "anymatch": "~3.1.1",
                "braces": "~3.0.2",
                "fsevents": "~2.1.2",
                "glob-parent": "~5.1.0",
                "is-binary-path": "~2.1.0",
                "is-glob": "~4.0.1",
                "normalize-path": "~3.0.0",
                "readdirp": "~3.5.0"
            }
        },
        "clone-deep": {
            "version": "4.0.1",
            "resolved": "https://registry.npm.taobao.org/clone-deep/download/clone-deep-4.0.1.tgz",
            "integrity": "sha1-wZ/Zvbv4WUK0/ZechNz31fB8I4c=",
            "dev": true,
            "requires": {
                "is-plain-object": "^2.0.4",
                "kind-of": "^6.0.2",
                "shallow-clone": "^3.0.0"
            }
        },
        "color-convert": {
            "version": "1.9.3",
            "resolved": "https://registry.npm.taobao.org/color-convert/download/color-convert-1.9.3.tgz",
            "integrity": "sha1-u3GFBpDh8TZWfeYp0tVHHe2kweg=",
            "dev": true,
            "requires": {
                "color-name": "1.1.3"
            }
        },
        "color-name": {
            "version": "1.1.3",
            "resolved": "https://registry.npm.taobao.org/color-name/download/color-name-1.1.3.tgz",
            "integrity": "sha1-p9BVi9icQveV3UIyj3QIMcpTvCU=",
            "dev": true
        },
        "compose-function": {
            "version": "3.0.3",
            "resolved": "https://registry.npm.taobao.org/compose-function/download/compose-function-3.0.3.tgz",
            "integrity": "sha1-ntZ18TzFRQHTCVCkhv9qe6OrGF8=",
            "dev": true,
            "requires": {
                "arity-n": "^1.0.4"
            }
        },
        "convert-source-map": {
            "version": "1.6.0",
            "resolved": "https://registry.npm.taobao.org/convert-source-map/download/convert-source-map-1.6.0.tgz?cache=0&sync_timestamp=1589682764242&other_urls=https%3A%2F%2Fregistry.npm.taobao.org%2Fconvert-source-map%2Fdownload%2Fconvert-source-map-1.6.0.tgz",
            "integrity": "sha1-UbU3qMQ+DwTewZk7/83VBOdYrCA=",
            "dev": true,
            "requires": {
                "safe-buffer": "~5.1.1"
            }
        },
        "css": {
            "version": "2.2.4",
            "resolved": "https://registry.npm.taobao.org/css/download/css-2.2.4.tgz?cache=0&sync_timestamp=1593663543619&other_urls=https%3A%2F%2Fregistry.npm.taobao.org%2Fcss%2Fdownload%2Fcss-2.2.4.tgz",
            "integrity": "sha1-xkZ1XHOXHyu6amAeLPL9cbEpiSk=",
            "dev": true,
            "requires": {
                "inherits": "^2.0.3",
                "source-map": "^0.6.1",
                "source-map-resolve": "^0.5.2",
                "urix": "^0.1.0"
            },
            "dependencies": {
                "inherits": {
                    "version": "2.0.4",
                    "resolved": "https://registry.npm.taobao.org/inherits/download/inherits-2.0.4.tgz",
                    "integrity": "sha1-D6LGT5MpF8NDOg3tVTY6rjdBa3w=",
                    "dev": true
                }
            }
        },
        "d": {
            "version": "1.0.1",
            "resolved": "https://registry.npm.taobao.org/d/download/d-1.0.1.tgz",
            "integrity": "sha1-hpgJU3LVjb7jRv/Qxwk/mfj561o=",
            "dev": true,
            "requires": {
                "es5-ext": "^0.10.50",
                "type": "^1.0.1"
            }
        },
        "de-indent": {
            "version": "1.0.2",
            "resolved": "https://registry.npm.taobao.org/de-indent/download/de-indent-1.0.2.tgz",
            "integrity": "sha1-sgOOhG3DO6pXlhKNCAS0VbjB4h0=",
            "dev": true
        },
        "decode-uri-component": {
            "version": "0.2.0",
            "resolved": "https://registry.npm.taobao.org/decode-uri-component/download/decode-uri-component-0.2.0.tgz",
            "integrity": "sha1-6zkTMzRYd1y4TNGh+uBiEGu4dUU=",
            "dev": true
        },
        "emojis-list": {
            "version": "2.1.0",
            "resolved": "https://registry.npm.taobao.org/emojis-list/download/emojis-list-2.1.0.tgz",
            "integrity": "sha1-TapNnbAPmBmIDHn6RXrlsJof04k=",
            "dev": true
        },
        "es5-ext": {
            "version": "0.10.53",
            "resolved": "https://registry.npm.taobao.org/es5-ext/download/es5-ext-0.10.53.tgz",
            "integrity": "sha1-k8WjrP2+8nUiCtcmRK0C7hg2jeE=",
            "dev": true,
            "requires": {
                "es6-iterator": "~2.0.3",
                "es6-symbol": "~3.1.3",
                "next-tick": "~1.0.0"
            }
        },
        "es6-iterator": {
            "version": "2.0.3",
            "resolved": "https://registry.npm.taobao.org/es6-iterator/download/es6-iterator-2.0.3.tgz",
            "integrity": "sha1-p96IkUGgWpSwhUQDstCg+/qY87c=",
            "dev": true,
            "requires": {
                "d": "1",
                "es5-ext": "^0.10.35",
                "es6-symbol": "^3.1.1"
            }
        },
        "es6-symbol": {
            "version": "3.1.3",
            "resolved": "https://registry.npm.taobao.org/es6-symbol/download/es6-symbol-3.1.3.tgz",
            "integrity": "sha1-utXTwbzawoJp9MszHkMceKxwXRg=",
            "dev": true,
            "requires": {
                "d": "^1.0.1",
                "ext": "^1.1.2"
            }
        },
        "escape-string-regexp": {
            "version": "1.0.5",
            "resolved": "https://registry.npm.taobao.org/escape-string-regexp/download/escape-string-regexp-1.0.5.tgz",
            "integrity": "sha1-G2HAViGQqN/2rjuyzwIAyhMLhtQ=",
            "dev": true
        },
        "ext": {
            "version": "1.4.0",
            "resolved": "https://registry.npm.taobao.org/ext/download/ext-1.4.0.tgz",
            "integrity": "sha1-ia56BxWPedNVF4gpBDJAd+Q3kkQ=",
            "dev": true,
            "requires": {
                "type": "^2.0.0"
            },
            "dependencies": {
                "type": {
                    "version": "2.1.0",
                    "resolved": "https://registry.npm.taobao.org/type/download/type-2.1.0.tgz?cache=0&sync_timestamp=1598016585110&other_urls=https%3A%2F%2Fregistry.npm.taobao.org%2Ftype%2Fdownload%2Ftype-2.1.0.tgz",
                    "integrity": "sha1-m9wixkjPjPht0j0yM2pBz7ZHXj8=",
                    "dev": true
                }
            }
        },
        "fast-deep-equal": {
            "version": "3.1.3",
            "resolved": "https://registry.npm.taobao.org/fast-deep-equal/download/fast-deep-equal-3.1.3.tgz",
            "integrity": "sha1-On1WtVnWy8PrUSMlJE5hmmXGxSU=",
            "dev": true
        },
        "fast-json-stable-stringify": {
            "version": "2.1.0",
            "resolved": "https://registry.npm.taobao.org/fast-json-stable-stringify/download/fast-json-stable-stringify-2.1.0.tgz",
            "integrity": "sha1-h0v2nG9ATCtdmcSBNBOZ/VWJJjM=",
            "dev": true
        },
        "fill-range": {
            "version": "7.0.1",
            "resolved": "https://registry.npm.taobao.org/fill-range/download/fill-range-7.0.1.tgz",
            "integrity": "sha1-GRmmp8df44ssfHflGYU12prN2kA=",
            "dev": true,
            "requires": {
                "to-regex-range": "^5.0.1"
            }
        },
        "fsevents": {
            "version": "2.1.3",
            "resolved": "https://registry.npm.taobao.org/fsevents/download/fsevents-2.1.3.tgz?cache=0&sync_timestamp=1604593283990&other_urls=https%3A%2F%2Fregistry.npm.taobao.org%2Ffsevents%2Fdownload%2Ffsevents-2.1.3.tgz",
            "integrity": "sha1-+3OHA66NL5/pAMM4Nt3r7ouX8j4=",
            "dev": true,
            "optional": true
        },
        "glob-parent": {
            "version": "5.1.1",
            "resolved": "https://registry.npm.taobao.org/glob-parent/download/glob-parent-5.1.1.tgz",
            "integrity": "sha1-tsHvQXxOVmPqSY8cRa+saRa7wik=",
            "dev": true,
            "requires": {
                "is-glob": "^4.0.1"
            }
        },
        "has-flag": {
            "version": "3.0.0",
            "resolved": "https://registry.npm.taobao.org/has-flag/download/has-flag-3.0.0.tgz",
            "integrity": "sha1-tdRU3CGZriJWmfNGfloH87lVuv0=",
            "dev": true
        },
        "he": {
            "version": "1.2.0",
            "resolved": "https://registry.npm.taobao.org/he/download/he-1.2.0.tgz?cache=0&sync_timestamp=1589682765156&other_urls=https%3A%2F%2Fregistry.npm.taobao.org%2Fhe%2Fdownload%2Fhe-1.2.0.tgz",
            "integrity": "sha1-hK5l+n6vsWX922FWauFLrwVmTw8=",
            "dev": true
        },
        "inherits": {
            "version": "2.0.1",
            "resolved": "https://registry.npm.taobao.org/inherits/download/inherits-2.0.1.tgz",
            "integrity": "sha1-sX0I0ya0Qj5Wjv9xn5GwscvfafE=",
            "dev": true
        },
        "is-binary-path": {
            "version": "2.1.0",
            "resolved": "https://registry.npm.taobao.org/is-binary-path/download/is-binary-path-2.1.0.tgz",
            "integrity": "sha1-6h9/O4DwZCNug0cPhsCcJU+0Wwk=",
            "dev": true,
            "requires": {
                "binary-extensions": "^2.0.0"
            }
        },
        "is-extglob": {
            "version": "2.1.1",
            "resolved": "https://registry.npm.taobao.org/is-extglob/download/is-extglob-2.1.1.tgz",
            "integrity": "sha1-qIwCU1eR8C7TfHahueqXc8gz+MI=",
            "dev": true
        },
        "is-glob": {
            "version": "4.0.1",
            "resolved": "https://registry.npm.taobao.org/is-glob/download/is-glob-4.0.1.tgz",
            "integrity": "sha1-dWfb6fL14kZ7x3q4PEopSCQHpdw=",
            "dev": true,
            "requires": {
                "is-extglob": "^2.1.1"
            }
        },
        "is-number": {
            "version": "7.0.0",
            "resolved": "https://registry.npm.taobao.org/is-number/download/is-number-7.0.0.tgz",
            "integrity": "sha1-dTU0W4lnNNX4DE0GxQlVUnoU8Ss=",
            "dev": true
        },
        "is-plain-object": {
            "version": "2.0.4",
            "resolved": "https://registry.npm.taobao.org/is-plain-object/download/is-plain-object-2.0.4.tgz",
            "integrity": "sha1-LBY7P6+xtgbZ0Xko8FwqHDjgdnc=",
            "dev": true,
            "requires": {
                "isobject": "^3.0.1"
            }
        },
        "isobject": {
            "version": "3.0.1",
            "resolved": "https://registry.npm.taobao.org/isobject/download/isobject-3.0.1.tgz",
            "integrity": "sha1-TkMekrEalzFjaqH5yNHMvP2reN8=",
            "dev": true
        },
        "json-schema-traverse": {
            "version": "0.4.1",
            "resolved": "https://registry.npm.taobao.org/json-schema-traverse/download/json-schema-traverse-0.4.1.tgz?cache=0&sync_timestamp=1599333856086&other_urls=https%3A%2F%2Fregistry.npm.taobao.org%2Fjson-schema-traverse%2Fdownload%2Fjson-schema-traverse-0.4.1.tgz",
            "integrity": "sha1-afaofZUTq4u4/mO9sJecRI5oRmA=",
            "dev": true
        },
        "json5": {
            "version": "1.0.1",
            "resolved": "https://registry.npm.taobao.org/json5/download/json5-1.0.1.tgz",
            "integrity": "sha1-d5+wAYYE+oVOrL9iUhgNg1Q+Pb4=",
            "dev": true,
            "requires": {
                "minimist": "^1.2.0"
            }
        },
        "kind-of": {
            "version": "6.0.3",
            "resolved": "https://registry.npm.taobao.org/kind-of/download/kind-of-6.0.3.tgz",
            "integrity": "sha1-B8BQNKbDSfoG4k+jWqdttFgM5N0=",
            "dev": true
        },
        "loader-utils": {
            "version": "1.2.3",
            "resolved": "https://registry.npm.taobao.org/loader-utils/download/loader-utils-1.2.3.tgz",
            "integrity": "sha1-H/XcaRHJ8KBiUxpMBLYJQGEIwsc=",
            "dev": true,
            "requires": {
                "big.js": "^5.2.2",
                "emojis-list": "^2.0.0",
                "json5": "^1.0.1"
            }
        },
        "minimist": {
            "version": "1.2.5",
            "resolved": "https://registry.npm.taobao.org/minimist/download/minimist-1.2.5.tgz?cache=0&sync_timestamp=1589682820731&other_urls=https%3A%2F%2Fregistry.npm.taobao.org%2Fminimist%2Fdownload%2Fminimist-1.2.5.tgz",
            "integrity": "sha1-Z9ZgFLZqaoqqDAg8X9WN9OTpdgI=",
            "dev": true
        },
        "neo-async": {
            "version": "2.6.2",
            "resolved": "https://registry.npm.taobao.org/neo-async/download/neo-async-2.6.2.tgz?cache=0&sync_timestamp=1594317434347&other_urls=https%3A%2F%2Fregistry.npm.taobao.org%2Fneo-async%2Fdownload%2Fneo-async-2.6.2.tgz",
            "integrity": "sha1-tKr7k+OustgXTKU88WOrfXMIMF8=",
            "dev": true
        },
        "next-tick": {
            "version": "1.0.0",
            "resolved": "https://registry.npm.taobao.org/next-tick/download/next-tick-1.0.0.tgz",
            "integrity": "sha1-yobR/ogoFpsBICCOPchCS524NCw=",
            "dev": true
        },
        "normalize-path": {
            "version": "3.0.0",
            "resolved": "https://registry.npm.taobao.org/normalize-path/download/normalize-path-3.0.0.tgz",
            "integrity": "sha1-Dc1p/yOhybEf0JeDFmRKA4ghamU=",
            "dev": true
        },
        "object-path": {
            "version": "0.11.4",
            "resolved": "https://registry.npm.taobao.org/object-path/download/object-path-0.11.4.tgz?cache=0&other_urls=https%3A%2F%2Fregistry.npm.taobao.org%2Fobject-path%2Fdownload%2Fobject-path-0.11.4.tgz",
            "integrity": "sha1-NwrnUvvzfePqcKhhwju6iRVpGUk=",
            "dev": true
        },
        "picomatch": {
            "version": "2.2.2",
            "resolved": "https://registry.npm.taobao.org/picomatch/download/picomatch-2.2.2.tgz",
            "integrity": "sha1-IfMz6ba46v8CRo9RRupAbTRfTa0=",
            "dev": true
        },
        "postcss": {
            "version": "7.0.14",
            "resolved": "https://registry.npm.taobao.org/postcss/download/postcss-7.0.14.tgz?cache=0&sync_timestamp=1606168201210&other_urls=https%3A%2F%2Fregistry.npm.taobao.org%2Fpostcss%2Fdownload%2Fpostcss-7.0.14.tgz",
            "integrity": "sha1-RSftaxyg2CxTzl7BogQcI0a71uU=",
            "dev": true,
            "requires": {
                "chalk": "^2.4.2",
                "source-map": "^0.6.1",
                "supports-color": "^6.1.0"
            }
        },
        "punycode": {
            "version": "2.1.1",
            "resolved": "https://registry.npm.taobao.org/punycode/download/punycode-2.1.1.tgz?cache=0&sync_timestamp=1589682803838&other_urls=https%3A%2F%2Fregistry.npm.taobao.org%2Fpunycode%2Fdownload%2Fpunycode-2.1.1.tgz",
            "integrity": "sha1-tYsBCsQMIsVldhbI0sLALHv0eew=",
            "dev": true
        },
        "readdirp": {
            "version": "3.5.0",
            "resolved": "https://registry.npm.taobao.org/readdirp/download/readdirp-3.5.0.tgz?cache=0&sync_timestamp=1602584331621&other_urls=https%3A%2F%2Fregistry.npm.taobao.org%2Freaddirp%2Fdownload%2Freaddirp-3.5.0.tgz",
            "integrity": "sha1-m6dMAZsV02UnjS6Ru4xI17TULJ4=",
            "dev": true,
            "requires": {
                "picomatch": "^2.2.1"
            }
        },
        "regex-parser": {
            "version": "2.2.10",
            "resolved": "https://registry.npm.taobao.org/regex-parser/download/regex-parser-2.2.10.tgz",
            "integrity": "sha1-nmao9z2JoQdhbmOznU3t3+6RKzc=",
            "dev": true
        },
        "resolve-url": {
            "version": "0.2.1",
            "resolved": "https://registry.npm.taobao.org/resolve-url/download/resolve-url-0.2.1.tgz",
            "integrity": "sha1-LGN/53yJOv0qZj/iGqkIAGjiBSo=",
            "dev": true
        },
        "resolve-url-loader": {
            "version": "3.1.0",
            "resolved": "https://registry.npm.taobao.org/resolve-url-loader/download/resolve-url-loader-3.1.0.tgz",
            "integrity": "sha1-VNgYHTPNG2allUTQXK345Kp9N8w=",
            "dev": true,
            "requires": {
                "adjust-sourcemap-loader": "2.0.0",
                "camelcase": "5.0.0",
                "compose-function": "3.0.3",
                "convert-source-map": "1.6.0",
                "es6-iterator": "2.0.3",
                "loader-utils": "1.2.3",
                "postcss": "7.0.14",
                "rework": "1.0.1",
                "rework-visit": "1.0.0",
                "source-map": "0.6.1"
            }
        },
        "rework": {
            "version": "1.0.1",
            "resolved": "https://registry.npm.taobao.org/rework/download/rework-1.0.1.tgz",
            "integrity": "sha1-MIBqhBNCtUUQqkEQhQzUhTQUSqc=",
            "dev": true,
            "requires": {
                "convert-source-map": "^0.3.3",
                "css": "^2.0.0"
            },
            "dependencies": {
                "convert-source-map": {
                    "version": "0.3.5",
                    "resolved": "https://registry.npm.taobao.org/convert-source-map/download/convert-source-map-0.3.5.tgz?cache=0&sync_timestamp=1589682764242&other_urls=https%3A%2F%2Fregistry.npm.taobao.org%2Fconvert-source-map%2Fdownload%2Fconvert-source-map-0.3.5.tgz",
                    "integrity": "sha1-8dgClQr33SYxof6+BZZVDIarMZA=",
                    "dev": true
                }
            }
        },
        "rework-visit": {
            "version": "1.0.0",
            "resolved": "https://registry.npm.taobao.org/rework-visit/download/rework-visit-1.0.0.tgz",
            "integrity": "sha1-mUWygD8hni96ygCtuLyfZA+ELJo=",
            "dev": true
        },
        "safe-buffer": {
            "version": "5.1.2",
            "resolved": "https://registry.npm.taobao.org/safe-buffer/download/safe-buffer-5.1.2.tgz?cache=0&sync_timestamp=1589682795646&other_urls=https%3A%2F%2Fregistry.npm.taobao.org%2Fsafe-buffer%2Fdownload%2Fsafe-buffer-5.1.2.tgz",
            "integrity": "sha1-mR7GnSluAxN0fVm9/St0XDX4go0=",
            "dev": true
        },
        "sass": {
            "version": "1.29.0",
            "resolved": "https://registry.npm.taobao.org/sass/download/sass-1.29.0.tgz?cache=0&sync_timestamp=1604536513689&other_urls=https%3A%2F%2Fregistry.npm.taobao.org%2Fsass%2Fdownload%2Fsass-1.29.0.tgz",
            "integrity": "sha1-7E4YQsFG2OqSWMKMFBuMK3xqt/E=",
            "dev": true,
            "requires": {
                "chokidar": ">=2.0.0 <4.0.0"
            }
        },
        "sass-loader": {
            "version": "8.0.2",
            "resolved": "https://registry.npm.taobao.org/sass-loader/download/sass-loader-8.0.2.tgz",
            "integrity": "sha1-3r7NjDziQ8dkVPLoKQSCFQOACQ0=",
            "dev": true,
            "requires": {
                "clone-deep": "^4.0.1",
                "loader-utils": "^1.2.3",
                "neo-async": "^2.6.1",
                "schema-utils": "^2.6.1",
                "semver": "^6.3.0"
            }
        },
        "schema-utils": {
            "version": "2.7.1",
            "resolved": "https://registry.npm.taobao.org/schema-utils/download/schema-utils-2.7.1.tgz",
            "integrity": "sha1-HKTzLRskxZDCA7jnpQvw6kzTlNc=",
            "dev": true,
            "requires": {
                "@types/json-schema": "^7.0.5",
                "ajv": "^6.12.4",
                "ajv-keywords": "^3.5.2"
            }
        },
        "semver": {
            "version": "6.3.0",
            "resolved": "https://registry.npm.taobao.org/semver/download/semver-6.3.0.tgz?cache=0&sync_timestamp=1589682805026&other_urls=https%3A%2F%2Fregistry.npm.taobao.org%2Fsemver%2Fdownload%2Fsemver-6.3.0.tgz",
            "integrity": "sha1-7gpkyK9ejO6mdoexM3YeG+y9HT0=",
            "dev": true
        },
        "shallow-clone": {
            "version": "3.0.1",
            "resolved": "https://registry.npm.taobao.org/shallow-clone/download/shallow-clone-3.0.1.tgz",
            "integrity": "sha1-jymBrZJTH1UDWwH7IwdppA4C76M=",
            "dev": true,
            "requires": {
                "kind-of": "^6.0.2"
            }
        },
        "source-map": {
            "version": "0.6.1",
            "resolved": "https://registry.npm.taobao.org/source-map/download/source-map-0.6.1.tgz?cache=0&sync_timestamp=1589682764497&other_urls=https%3A%2F%2Fregistry.npm.taobao.org%2Fsource-map%2Fdownload%2Fsource-map-0.6.1.tgz",
            "integrity": "sha1-dHIq8y6WFOnCh6jQu95IteLxomM=",
            "dev": true
        },
        "source-map-resolve": {
            "version": "0.5.3",
            "resolved": "https://registry.npm.taobao.org/source-map-resolve/download/source-map-resolve-0.5.3.tgz",
            "integrity": "sha1-GQhmvs51U+H48mei7oLGBrVQmho=",
            "dev": true,
            "requires": {
                "atob": "^2.1.2",
                "decode-uri-component": "^0.2.0",
                "resolve-url": "^0.2.1",
                "source-map-url": "^0.4.0",
                "urix": "^0.1.0"
            }
        },
        "source-map-url": {
            "version": "0.4.0",
            "resolved": "https://registry.npm.taobao.org/source-map-url/download/source-map-url-0.4.0.tgz",
            "integrity": "sha1-PpNdfd1zYxuXZZlW1VEo6HtQhKM=",
            "dev": true
        },
        "supports-color": {
            "version": "6.1.0",
            "resolved": "https://registry.npm.taobao.org/supports-color/download/supports-color-6.1.0.tgz?cache=0&sync_timestamp=1606205045287&other_urls=https%3A%2F%2Fregistry.npm.taobao.org%2Fsupports-color%2Fdownload%2Fsupports-color-6.1.0.tgz",
            "integrity": "sha1-B2Srxpxj1ayELdSGfo0CXogN+PM=",
            "dev": true,
            "requires": {
                "has-flag": "^3.0.0"
            }
        },
        "to-regex-range": {
            "version": "5.0.1",
            "resolved": "https://registry.npm.taobao.org/to-regex-range/download/to-regex-range-5.0.1.tgz",
            "integrity": "sha1-FkjESq58jZiKMmAY7XL1tN0DkuQ=",
            "dev": true,
            "requires": {
                "is-number": "^7.0.0"
            }
        },
        "type": {
            "version": "1.2.0",
            "resolved": "https://registry.npm.taobao.org/type/download/type-1.2.0.tgz?cache=0&sync_timestamp=1598016585110&other_urls=https%3A%2F%2Fregistry.npm.taobao.org%2Ftype%2Fdownload%2Ftype-1.2.0.tgz",
            "integrity": "sha1-hI3XaY2vo+VKbEeedZxLw/GIR6A=",
            "dev": true
        },
        "uri-js": {
            "version": "4.4.0",
            "resolved": "https://registry.npm.taobao.org/uri-js/download/uri-js-4.4.0.tgz",
            "integrity": "sha1-qnFCYd55PoqCNHp7zJznTobyhgI=",
            "dev": true,
            "requires": {
                "punycode": "^2.1.0"
            }
        },
        "urix": {
            "version": "0.1.0",
            "resolved": "https://registry.npm.taobao.org/urix/download/urix-0.1.0.tgz",
            "integrity": "sha1-2pN/emLiH+wf0Y1Js1wpNQZ6bHI=",
            "dev": true
        },
        "util": {
            "version": "0.10.3",
            "resolved": "https://registry.npm.taobao.org/util/download/util-0.10.3.tgz",
            "integrity": "sha1-evsa/lCAUkZInj23/g7TeTNqwPk=",
            "dev": true,
            "requires": {
                "inherits": "2.0.1"
            }
        },
        "vue-template-compiler": {
            "version": "2.6.12",
            "resolved": "https://registry.npm.taobao.org/vue-template-compiler/download/vue-template-compiler-2.6.12.tgz?cache=0&sync_timestamp=1597927407682&other_urls=https%3A%2F%2Fregistry.npm.taobao.org%2Fvue-template-compiler%2Fdownload%2Fvue-template-compiler-2.6.12.tgz",
            "integrity": "sha1-lH7XGWdEyKUoXr4SM/6WBDf8xX4=",
            "dev": true,
            "requires": {
                "de-indent": "^1.0.2",
                "he": "^1.1.0"
            }
        }
    }
}
